
Microsoft Visual Studio Solution File, Format Version 12.00
# Visual Studio Version 16
VisualStudioVersion = 16.0.31105.61
MinimumVisualStudioVersion = 10.0.40219.1
Project("{2150E333-8FDC-42A3-9474-1A3956D46DE8}") = "src", "src", "{109BDA5F-0C8E-4369-AFE6-7A984586E0E2}"
EndProject
Project("{2150E333-8FDC-42A3-9474-1A3956D46DE8}") = "test", "test", "{F5FBF055-4817-487C-BB89-6BCE1010357E}"
EndProject
Project("{2150E333-8FDC-42A3-9474-1A3956D46DE8}") = "unit", "unit", "{3741791C-FCD8-44AE-A0FC-6A9922EAABFC}"
EndProject
Project("{9A19103F-16F7-4668-BE54-9A1E7A4F7556}") = "EMDD.KtEquationTreeTest", "test\unit\EMDD.KtEquationTreeTest.csproj", "{CB0E396A-2DA9-41D5-85E8-55A21C615EB3}"
EndProject
Project("{9A19103F-16F7-4668-BE54-9A1E7A4F7556}") = "EMDD.KtEquationTree", "src\EMDD.KtEquationTree.csproj", "{449D4AA4-2726-4FDD-A604-9056DAD17B42}"
EndProject
Project("{2150E333-8FDC-42A3-9474-1A3956D46DE8}") = "Solution Items", "Solution Items", "{BCB2B39E-C31D-4286-97BA-607FC640561F}"
	ProjectSection(SolutionItems) = preProject
		.editorconfig = .editorconfig
	EndProjectSection
EndProject
Global
	GlobalSection(SolutionConfigurationPlatforms) = preSolution
		Debug|Any CPU = Debug|Any CPU
		Release|Any CPU = Release|Any CPU
	EndGlobalSection
	GlobalSection(ProjectConfigurationPlatforms) = postSolution
		{CB0E396A-2DA9-41D5-85E8-55A21C615EB3}.Debug|Any CPU.ActiveCfg = Debug|Any CPU
		{CB0E396A-2DA9-41D5-85E8-55A21C615EB3}.Debug|Any CPU.Build.0 = Debug|Any CPU
		{CB0E396A-2DA9-41D5-85E8-55A21C615EB3}.Release|Any CPU.ActiveCfg = Release|Any CPU
		{CB0E396A-2DA9-41D5-85E8-55A21C615EB3}.Release|Any CPU.Build.0 = Release|Any CPU
		{449D4AA4-2726-4FDD-A604-9056DAD17B42}.Debug|Any CPU.ActiveCfg = Debug|Any CPU
		{449D4AA4-2726-4FDD-A604-9056DAD17B42}.Debug|Any CPU.Build.0 = Debug|Any CPU
		{449D4AA4-2726-4FDD-A604-9056DAD17B42}.Release|Any CPU.ActiveCfg = Release|Any CPU
		{449D4AA4-2726-4FDD-A604-9056DAD17B42}.Release|Any CPU.Build.0 = Release|Any CPU
	EndGlobalSection
	GlobalSection(SolutionProperties) = preSolution
		HideSolutionNode = FALSE
	EndGlobalSection
	GlobalSection(NestedProjects) = preSolution
		{3741791C-FCD8-44AE-A0FC-6A9922EAABFC} = {F5FBF055-4817-487C-BB89-6BCE1010357E}
		{CB0E396A-2DA9-41D5-85E8-55A21C615EB3} = {3741791C-FCD8-44AE-A0FC-6A9922EAABFC}
		{449D4AA4-2726-4FDD-A604-9056DAD17B42} = {109BDA5F-0C8E-4369-AFE6-7A984586E0E2}
	EndGlobalSection
	GlobalSection(ExtensibilityGlobals) = postSolution
		SolutionGuid = {2E294AEF-8F79-4200-BD0B-A93A916A3A9C}
	EndGlobalSection
EndGlobal
